
Microsoft Visual Studio Solution File, Format Version 12.00
# Visual Studio Version 16
VisualStudioVersion = 16.0.29609.76
MinimumVisualStudioVersion = 10.0.40219.1
Project("{FAE04EC0-301F-11D3-BF4B-00C04F79EFBC}") = "testTask_Kolpakov", "testTask_Kolpakov\testTask_Kolpakov.csproj", "{474C4BDC-B9D1-4685-823A-D9CF2F91838E}"
EndProject
Global
	GlobalSection(SolutionConfigurationPlatforms) = preSolution
		Debug|Any CPU = Debug|Any CPU
		Release|Any CPU = Release|Any CPU
	EndGlobalSection
	GlobalSection(ProjectConfigurationPlatforms) = postSolution
		{474C4BDC-B9D1-4685-823A-D9CF2F91838E}.Debug|Any CPU.ActiveCfg = Debug|Any CPU
		{474C4BDC-B9D1-4685-823A-D9CF2F91838E}.Debug|Any CPU.Build.0 = Debug|Any CPU
		{474C4BDC-B9D1-4685-823A-D9CF2F91838E}.Release|Any CPU.ActiveCfg = Release|Any CPU
		{474C4BDC-B9D1-4685-823A-D9CF2F91838E}.Release|Any CPU.Build.0 = Release|Any CPU
	EndGlobalSection
	GlobalSection(SolutionProperties) = preSolution
		HideSolutionNode = FALSE
	EndGlobalSection
	GlobalSection(ExtensibilityGlobals) = postSolution
		SolutionGuid = {B664683F-B185-47F3-8D42-5B5EEC1AEA91}
	EndGlobalSection
EndGlobal
